
Microsoft Visual Studio Solution File, Format Version 12.00
# Visual Studio 2012
Project("{FAE04EC0-301F-11D3-BF4B-00C04F79EFBC}") = "Testing", "Testing\Testing.csproj", "{A8649A27-D11A-4C58-A19D-0B35651D7AE5}"
EndProject
Project("{FAE04EC0-301F-11D3-BF4B-00C04F79EFBC}") = "Testing.iOS", "iOS\Testing.iOS.csproj", "{457225EC-1145-44B2-B23E-1C3EB1D2887D}"
EndProject
Project("{FAE04EC0-301F-11D3-BF4B-00C04F79EFBC}") = "Testing.Droid", "Droid\Testing.Droid.csproj", "{6A13B7AD-BA11-4503-8959-9664DB52D52C}"
EndProject
Global
	GlobalSection(SolutionConfigurationPlatforms) = preSolution
		Debug|Any CPU = Debug|Any CPU
		Release|Any CPU = Release|Any CPU
		Debug|iPhoneSimulator = Debug|iPhoneSimulator
		Release|iPhone = Release|iPhone
		Release|iPhoneSimulator = Release|iPhoneSimulator
		Debug|iPhone = Debug|iPhone
	EndGlobalSection
	GlobalSection(ProjectConfigurationPlatforms) = postSolution
		{A8649A27-D11A-4C58-A19D-0B35651D7AE5}.Debug|Any CPU.ActiveCfg = Debug|Any CPU
		{A8649A27-D11A-4C58-A19D-0B35651D7AE5}.Debug|Any CPU.Build.0 = Debug|Any CPU
		{A8649A27-D11A-4C58-A19D-0B35651D7AE5}.Release|Any CPU.ActiveCfg = Release|Any CPU
		{A8649A27-D11A-4C58-A19D-0B35651D7AE5}.Release|Any CPU.Build.0 = Release|Any CPU
		{A8649A27-D11A-4C58-A19D-0B35651D7AE5}.Debug|iPhoneSimulator.ActiveCfg = Debug|Any CPU
		{A8649A27-D11A-4C58-A19D-0B35651D7AE5}.Debug|iPhoneSimulator.Build.0 = Debug|Any CPU
		{A8649A27-D11A-4C58-A19D-0B35651D7AE5}.Release|iPhone.ActiveCfg = Release|Any CPU
		{A8649A27-D11A-4C58-A19D-0B35651D7AE5}.Release|iPhone.Build.0 = Release|Any CPU
		{A8649A27-D11A-4C58-A19D-0B35651D7AE5}.Release|iPhoneSimulator.ActiveCfg = Release|Any CPU
		{A8649A27-D11A-4C58-A19D-0B35651D7AE5}.Release|iPhoneSimulator.Build.0 = Release|Any CPU
		{A8649A27-D11A-4C58-A19D-0B35651D7AE5}.Debug|iPhone.ActiveCfg = Debug|Any CPU
		{A8649A27-D11A-4C58-A19D-0B35651D7AE5}.Debug|iPhone.Build.0 = Debug|Any CPU
		{457225EC-1145-44B2-B23E-1C3EB1D2887D}.Debug|Any CPU.ActiveCfg = Debug|iPhoneSimulator
		{457225EC-1145-44B2-B23E-1C3EB1D2887D}.Debug|Any CPU.Build.0 = Debug|iPhoneSimulator
		{457225EC-1145-44B2-B23E-1C3EB1D2887D}.Release|Any CPU.ActiveCfg = Release|iPhone
		{457225EC-1145-44B2-B23E-1C3EB1D2887D}.Release|Any CPU.Build.0 = Release|iPhone
		{457225EC-1145-44B2-B23E-1C3EB1D2887D}.Debug|iPhoneSimulator.ActiveCfg = Debug|iPhoneSimulator
		{457225EC-1145-44B2-B23E-1C3EB1D2887D}.Debug|iPhoneSimulator.Build.0 = Debug|iPhoneSimulator
		{457225EC-1145-44B2-B23E-1C3EB1D2887D}.Release|iPhone.ActiveCfg = Release|iPhone
		{457225EC-1145-44B2-B23E-1C3EB1D2887D}.Release|iPhone.Build.0 = Release|iPhone
		{457225EC-1145-44B2-B23E-1C3EB1D2887D}.Release|iPhoneSimulator.ActiveCfg = Release|iPhoneSimulator
		{457225EC-1145-44B2-B23E-1C3EB1D2887D}.Release|iPhoneSimulator.Build.0 = Release|iPhoneSimulator
		{457225EC-1145-44B2-B23E-1C3EB1D2887D}.Debug|iPhone.ActiveCfg = Debug|iPhone
		{457225EC-1145-44B2-B23E-1C3EB1D2887D}.Debug|iPhone.Build.0 = Debug|iPhone
		{6A13B7AD-BA11-4503-8959-9664DB52D52C}.Debug|Any CPU.ActiveCfg = Debug|Any CPU
		{6A13B7AD-BA11-4503-8959-9664DB52D52C}.Debug|Any CPU.Build.0 = Debug|Any CPU
		{6A13B7AD-BA11-4503-8959-9664DB52D52C}.Release|Any CPU.ActiveCfg = Release|Any CPU
		{6A13B7AD-BA11-4503-8959-9664DB52D52C}.Release|Any CPU.Build.0 = Release|Any CPU
		{6A13B7AD-BA11-4503-8959-9664DB52D52C}.Debug|iPhoneSimulator.ActiveCfg = Debug|Any CPU
		{6A13B7AD-BA11-4503-8959-9664DB52D52C}.Debug|iPhoneSimulator.Build.0 = Debug|Any CPU
		{6A13B7AD-BA11-4503-8959-9664DB52D52C}.Release|iPhone.ActiveCfg = Release|Any CPU
		{6A13B7AD-BA11-4503-8959-9664DB52D52C}.Release|iPhone.Build.0 = Release|Any CPU
		{6A13B7AD-BA11-4503-8959-9664DB52D52C}.Release|iPhoneSimulator.ActiveCfg = Release|Any CPU
		{6A13B7AD-BA11-4503-8959-9664DB52D52C}.Release|iPhoneSimulator.Build.0 = Release|Any CPU
		{6A13B7AD-BA11-4503-8959-9664DB52D52C}.Debug|iPhone.ActiveCfg = Debug|Any CPU
		{6A13B7AD-BA11-4503-8959-9664DB52D52C}.Debug|iPhone.Build.0 = Debug|Any CPU
	EndGlobalSection
EndGlobal
